
Microsoft Visual Studio Solution File, Format Version 12.00
# Visual Studio Version 17
VisualStudioVersion = 17.2.32516.85
MinimumVisualStudioVersion = 10.0.40219.1
Project("{FAE04EC0-301F-11D3-BF4B-00C04F79EFBC}") = "HelloWorld", "HelloWorld.csproj", "{F013D605-6BE3-4FE7-8930-576A94CDD95B}"
EndProject
Global
	GlobalSection(SolutionConfigurationPlatforms) = preSolution
		Debug|Any CPU = Debug|Any CPU
		Release|Any CPU = Release|Any CPU
	EndGlobalSection
	GlobalSection(ProjectConfigurationPlatforms) = postSolution
		{F013D605-6BE3-4FE7-8930-576A94CDD95B}.Debug|Any CPU.ActiveCfg = Debug|Any CPU
		{F013D605-6BE3-4FE7-8930-576A94CDD95B}.Debug|Any CPU.Build.0 = Debug|Any CPU
		{F013D605-6BE3-4FE7-8930-576A94CDD95B}.Release|Any CPU.ActiveCfg = Release|Any CPU
		{F013D605-6BE3-4FE7-8930-576A94CDD95B}.Release|Any CPU.Build.0 = Release|Any CPU
	EndGlobalSection
	GlobalSection(SolutionProperties) = preSolution
		HideSolutionNode = FALSE
	EndGlobalSection
	GlobalSection(ExtensibilityGlobals) = postSolution
		SolutionGuid = {2C625B66-ECB6-440F-A272-7A8C5795FEDD}
	EndGlobalSection
EndGlobal
